# This file is autogenerated, do not edit; changes may be undone by the next 'dep ensure'.


[[projects]]
  branch = "master"
  name = "github.com/akamensky/argparse"
  packages = ["."]
  revision = "99676ba18cd5c0c3b331a13801ccd2b5c16a9259"

[[projects]]
  branch = "master"
  name = "github.com/kballard/go-shellquote"
  packages = ["."]
  revision = "95032a82bc518f77982ea72343cc1ade730072f0"

[solve-meta]
  analyzer-name = "dep"
  analyzer-version = 1
  inputs-digest = "9fa6e245338adaa283e8be10c5184cee8111e8f4ce425c9db5ba8cff3754cfb8"
  solver-name = "gps-cdcl"
  solver-version = 1
