# This file is autogenerated, do not edit; changes may be undone by the next 'dep ensure'.


[[projects]]
  branch = "master"
  name = "github.com/akamensky/argparse"
  packages = ["."]
  revision = "b652c73176e2cf4973d3b0da8993741612d7b8b8"

[[projects]]
  branch = "master"
  name = "github.com/kballard/go-shellquote"
  packages = ["."]
  revision = "cd60e84ee657ff3dc51de0b4f55dd299a3e136f2"

[[projects]]
  name = "gopkg.in/yaml.v2"
  packages = ["."]
  revision = "5420a8b6744d3b0345ab293f6fcba19c978f1183"
  version = "v2.2.1"

[solve-meta]
  analyzer-name = "dep"
  analyzer-version = 1
  inputs-digest = "02843afbf2538ad86ecae1a07d9c5adb8cd66ce4ccf24a2cd6e16736accbe6bd"
  solver-name = "gps-cdcl"
  solver-version = 1
